
Microsoft Visual Studio Solution File, Format Version 12.00
# Visual Studio Version 16
VisualStudioVersion = 16.0.32802.440
MinimumVisualStudioVersion = 10.0.40219.1
Project("{FAE04EC0-301F-11D3-BF4B-00C04F79EFBC}") = "Demo02_11", "Demo02_11\Demo02_11.csproj", "{5EE8E6EF-1CA6-4941-A063-86C0FB5BCDE7}"
EndProject
Global
	GlobalSection(SolutionConfigurationPlatforms) = preSolution
		Debug|Any CPU = Debug|Any CPU
		Release|Any CPU = Release|Any CPU
	EndGlobalSection
	GlobalSection(ProjectConfigurationPlatforms) = postSolution
		{5EE8E6EF-1CA6-4941-A063-86C0FB5BCDE7}.Debug|Any CPU.ActiveCfg = Debug|Any CPU
		{5EE8E6EF-1CA6-4941-A063-86C0FB5BCDE7}.Debug|Any CPU.Build.0 = Debug|Any CPU
		{5EE8E6EF-1CA6-4941-A063-86C0FB5BCDE7}.Release|Any CPU.ActiveCfg = Release|Any CPU
		{5EE8E6EF-1CA6-4941-A063-86C0FB5BCDE7}.Release|Any CPU.Build.0 = Release|Any CPU
	EndGlobalSection
	GlobalSection(SolutionProperties) = preSolution
		HideSolutionNode = FALSE
	EndGlobalSection
	GlobalSection(ExtensibilityGlobals) = postSolution
		SolutionGuid = {F361D9D2-F7A8-49AD-9B06-B0DEBD73E864}
	EndGlobalSection
EndGlobal
